// !$*UTF8*$!
{
	archiveVersion = 1;
	classes = {
	};
	objectVersion = 56;
	objects = {

/* Begin PBXBuildFile section */
		EDE0F61F2B89FAF4008F08B6 /* DestinationSearchView.swift in Sources */ = {isa = PBXBuildFile; fileRef = EDE0F61E2B89FAF4008F08B6 /* DestinationSearchView.swift */; };
		EDF7ECD62B76071E00FB1B17 /* AirbnbCloneApp.swift in Sources */ = {isa = PBXBuildFile; fileRef = EDF7ECD52B76071E00FB1B17 /* AirbnbCloneApp.swift */; };
		EDF7ECD82B76071E00FB1B17 /* ContentView.swift in Sources */ = {isa = PBXBuildFile; fileRef = EDF7ECD72B76071E00FB1B17 /* ContentView.swift */; };
		EDF7ECDA2B76072000FB1B17 /* Assets.xcassets in Resources */ = {isa = PBXBuildFile; fileRef = EDF7ECD92B76072000FB1B17 /* Assets.xcassets */; };
		EDF7ECDD2B76072000FB1B17 /* Preview Assets.xcassets in Resources */ = {isa = PBXBuildFile; fileRef = EDF7ECDC2B76072000FB1B17 /* Preview Assets.xcassets */; };
		EDF7ECF02B76086500FB1B17 /* ExploreView.swift in Sources */ = {isa = PBXBuildFile; fileRef = EDF7ECEF2B76086500FB1B17 /* ExploreView.swift */; };
		EDF7ECF22B760A6200FB1B17 /* ListingItemView.swift in Sources */ = {isa = PBXBuildFile; fileRef = EDF7ECF12B760A6200FB1B17 /* ListingItemView.swift */; };
		EDF7ECF42B7613CC00FB1B17 /* SearchAndFilterBar.swift in Sources */ = {isa = PBXBuildFile; fileRef = EDF7ECF32B7613CC00FB1B17 /* SearchAndFilterBar.swift */; };
		EDF7ECF62B7645A400FB1B17 /* ListingDetailView.swift in Sources */ = {isa = PBXBuildFile; fileRef = EDF7ECF52B7645A400FB1B17 /* ListingDetailView.swift */; };
		EDF7ECF92B76471100FB1B17 /* ListingImageCarouselView.swift in Sources */ = {isa = PBXBuildFile; fileRef = EDF7ECF82B76471100FB1B17 /* ListingImageCarouselView.swift */; };
/* End PBXBuildFile section */

/* Begin PBXFileReference section */
		EDE0F61E2B89FAF4008F08B6 /* DestinationSearchView.swift */ = {isa = PBXFileReference; lastKnownFileType = sourcecode.swift; path = DestinationSearchView.swift; sourceTree = "<group>"; };
		EDF7ECD22B76071E00FB1B17 /* AirbnbClone.app */ = {isa = PBXFileReference; explicitFileType = wrapper.application; includeInIndex = 0; path = AirbnbClone.app; sourceTree = BUILT_PRODUCTS_DIR; };
		EDF7ECD52B76071E00FB1B17 /* AirbnbCloneApp.swift */ = {isa = PBXFileReference; lastKnownFileType = sourcecode.swift; path = AirbnbCloneApp.swift; sourceTree = "<group>"; };
		EDF7ECD72B76071E00FB1B17 /* ContentView.swift */ = {isa = PBXFileReference; lastKnownFileType = sourcecode.swift; path = ContentView.swift; sourceTree = "<group>"; };
		EDF7ECD92B76072000FB1B17 /* Assets.xcassets */ = {isa = PBXFileReference; lastKnownFileType = folder.assetcatalog; path = Assets.xcassets; sourceTree = "<group>"; };
		EDF7ECDC2B76072000FB1B17 /* Preview Assets.xcassets */ = {isa = PBXFileReference; lastKnownFileType = folder.assetcatalog; path = "Preview Assets.xcassets"; sourceTree = "<group>"; };
		EDF7ECEF2B76086500FB1B17 /* ExploreView.swift */ = {isa = PBXFileReference; lastKnownFileType = sourcecode.swift; path = ExploreView.swift; sourceTree = "<group>"; };
		EDF7ECF12B760A6200FB1B17 /* ListingItemView.swift */ = {isa = PBXFileReference; lastKnownFileType = sourcecode.swift; path = ListingItemView.swift; sourceTree = "<group>"; };
		EDF7ECF32B7613CC00FB1B17 /* SearchAndFilterBar.swift */ = {isa = PBXFileReference; lastKnownFileType = sourcecode.swift; path = SearchAndFilterBar.swift; sourceTree = "<group>"; };
		EDF7ECF52B7645A400FB1B17 /* ListingDetailView.swift */ = {isa = PBXFileReference; lastKnownFileType = sourcecode.swift; path = ListingDetailView.swift; sourceTree = "<group>"; };
		EDF7ECF82B76471100FB1B17 /* ListingImageCarouselView.swift */ = {isa = PBXFileReference; lastKnownFileType = sourcecode.swift; path = ListingImageCarouselView.swift; sourceTree = "<group>"; };
/* End PBXFileReference section */

/* Begin PBXFrameworksBuildPhase section */
		EDF7ECCF2B76071E00FB1B17 /* Frameworks */ = {
			isa = PBXFrameworksBuildPhase;
			buildActionMask = 2147483647;
			files = (
			);
			runOnlyForDeploymentPostprocessing = 0;
		};
/* End PBXFrameworksBuildPhase section */

/* Begin PBXGroup section */
		EDF7ECC92B76071E00FB1B17 = {
			isa = PBXGroup;
			children = (
				EDF7ECD42B76071E00FB1B17 /* AirbnbClone */,
				EDF7ECD32B76071E00FB1B17 /* Products */,
			);
			sourceTree = "<group>";
		};
		EDF7ECD32B76071E00FB1B17 /* Products */ = {
			isa = PBXGroup;
			children = (
				EDF7ECD22B76071E00FB1B17 /* AirbnbClone.app */,
			);
			name = Products;
			sourceTree = "<group>";
		};
		EDF7ECD42B76071E00FB1B17 /* AirbnbClone */ = {
			isa = PBXGroup;
			children = (
				EDF7ECE32B76073E00FB1B17 /* App */,
				EDF7ECE72B76077800FB1B17 /* Core */,
				EDF7ECE62B76076F00FB1B17 /* Extensions */,
				EDF7ECE52B76076200FB1B17 /* Models */,
				EDF7ECE42B76074B00FB1B17 /* Utils */,
				EDF7ECD72B76071E00FB1B17 /* ContentView.swift */,
				EDF7ECD92B76072000FB1B17 /* Assets.xcassets */,
				EDF7ECDB2B76072000FB1B17 /* Preview Content */,
			);
			path = AirbnbClone;
			sourceTree = "<group>";
		};
		EDF7ECDB2B76072000FB1B17 /* Preview Content */ = {
			isa = PBXGroup;
			children = (
				EDF7ECDC2B76072000FB1B17 /* Preview Assets.xcassets */,
			);
			path = "Preview Content";
			sourceTree = "<group>";
		};
		EDF7ECE32B76073E00FB1B17 /* App */ = {
			isa = PBXGroup;
			children = (
				EDF7ECD52B76071E00FB1B17 /* AirbnbCloneApp.swift */,
			);
			path = App;
			sourceTree = "<group>";
		};
		EDF7ECE42B76074B00FB1B17 /* Utils */ = {
			isa = PBXGroup;
			children = (
			);
			path = Utils;
			sourceTree = "<group>";
		};
		EDF7ECE52B76076200FB1B17 /* Models */ = {
			isa = PBXGroup;
			children = (
			);
			path = Models;
			sourceTree = "<group>";
		};
		EDF7ECE62B76076F00FB1B17 /* Extensions */ = {
			isa = PBXGroup;
			children = (
			);
			path = Extensions;
			sourceTree = "<group>";
		};
		EDF7ECE72B76077800FB1B17 /* Core */ = {
			isa = PBXGroup;
			children = (
				EDF7ECF72B76460200FB1B17 /* Components */,
				EDF7ECE82B76079D00FB1B17 /* Explore */,
				EDF7ECE92B7607A800FB1B17 /* Listings */,
				EDF7ECEA2B7607AD00FB1B17 /* MapView */,
				EDF7ECEB2B7607B700FB1B17 /* Profile */,
				EDF7ECEC2B7607BB00FB1B17 /* Root */,
				EDF7ECED2B7607CC00FB1B17 /* TabBar */,
				EDF7ECEE2B7607D100FB1B17 /* Wishlist */,
			);
			path = Core;
			sourceTree = "<group>";
		};
		EDF7ECE82B76079D00FB1B17 /* Explore */ = {
			isa = PBXGroup;
			children = (
				EDF7ECEF2B76086500FB1B17 /* ExploreView.swift */,
				EDF7ECF32B7613CC00FB1B17 /* SearchAndFilterBar.swift */,
				EDE0F61E2B89FAF4008F08B6 /* DestinationSearchView.swift */,
			);
			path = Explore;
			sourceTree = "<group>";
		};
		EDF7ECE92B7607A800FB1B17 /* Listings */ = {
			isa = PBXGroup;
			children = (
				EDF7ECF12B760A6200FB1B17 /* ListingItemView.swift */,
				EDF7ECF52B7645A400FB1B17 /* ListingDetailView.swift */,
			);
			path = Listings;
			sourceTree = "<group>";
		};
		EDF7ECEA2B7607AD00FB1B17 /* MapView */ = {
			isa = PBXGroup;
			children = (
			);
			path = MapView;
			sourceTree = "<group>";
		};
		EDF7ECEB2B7607B700FB1B17 /* Profile */ = {
			isa = PBXGroup;
			children = (
			);
			path = Profile;
			sourceTree = "<group>";
		};
		EDF7ECEC2B7607BB00FB1B17 /* Root */ = {
			isa = PBXGroup;
			children = (
			);
			path = Root;
			sourceTree = "<group>";
		};
		EDF7ECED2B7607CC00FB1B17 /* TabBar */ = {
			isa = PBXGroup;
			children = (
			);
			path = TabBar;
			sourceTree = "<group>";
		};
		EDF7ECEE2B7607D100FB1B17 /* Wishlist */ = {
			isa = PBXGroup;
			children = (
			);
			path = Wishlist;
			sourceTree = "<group>";
		};
		EDF7ECF72B76460200FB1B17 /* Components */ = {
			isa = PBXGroup;
			children = (
				EDF7ECF82B76471100FB1B17 /* ListingImageCarouselView.swift */,
			);
			path = Components;
			sourceTree = "<group>";
		};
/* End PBXGroup section */

/* Begin PBXNativeTarget section */
		EDF7ECD12B76071E00FB1B17 /* AirbnbClone */ = {
			isa = PBXNativeTarget;
			buildConfigurationList = EDF7ECE02B76072000FB1B17 /* Build configuration list for PBXNativeTarget "AirbnbClone" */;
			buildPhases = (
				EDF7ECCE2B76071E00FB1B17 /* Sources */,
				EDF7ECCF2B76071E00FB1B17 /* Frameworks */,
				EDF7ECD02B76071E00FB1B17 /* Resources */,
			);
			buildRules = (
			);
			dependencies = (
			);
			name = AirbnbClone;
			productName = AirbnbClone;
			productReference = EDF7ECD22B76071E00FB1B17 /* AirbnbClone.app */;
			productType = "com.apple.product-type.application";
		};
/* End PBXNativeTarget section */

/* Begin PBXProject section */
		EDF7ECCA2B76071E00FB1B17 /* Project object */ = {
			isa = PBXProject;
			attributes = {
				BuildIndependentTargetsInParallel = 1;
				LastSwiftUpdateCheck = 1500;
				LastUpgradeCheck = 1500;
				TargetAttributes = {
					EDF7ECD12B76071E00FB1B17 = {
						CreatedOnToolsVersion = 15.0.1;
					};
				};
			};
			buildConfigurationList = EDF7ECCD2B76071E00FB1B17 /* Build configuration list for PBXProject "AirbnbClone" */;
			compatibilityVersion = "Xcode 14.0";
			developmentRegion = en;
			hasScannedForEncodings = 0;
			knownRegions = (
				en,
				Base,
			);
			mainGroup = EDF7ECC92B76071E00FB1B17;
			productRefGroup = EDF7ECD32B76071E00FB1B17 /* Products */;
			projectDirPath = "";
			projectRoot = "";
			targets = (
				EDF7ECD12B76071E00FB1B17 /* AirbnbClone */,
			);
		};
/* End PBXProject section */

/* Begin PBXResourcesBuildPhase section */
		EDF7ECD02B76071E00FB1B17 /* Resources */ = {
			isa = PBXResourcesBuildPhase;
			buildActionMask = 2147483647;
			files = (
				EDF7ECDD2B76072000FB1B17 /* Preview Assets.xcassets in Resources */,
				EDF7ECDA2B76072000FB1B17 /* Assets.xcassets in Resources */,
			);
			runOnlyForDeploymentPostprocessing = 0;
		};
/* End PBXResourcesBuildPhase section */

/* Begin PBXSourcesBuildPhase section */
		EDF7ECCE2B76071E00FB1B17 /* Sources */ = {
			isa = PBXSourcesBuildPhase;
			buildActionMask = 2147483647;
			files = (
				EDF7ECF92B76471100FB1B17 /* ListingImageCarouselView.swift in Sources */,
				EDE0F61F2B89FAF4008F08B6 /* DestinationSearchView.swift in Sources */,
				EDF7ECD82B76071E00FB1B17 /* ContentView.swift in Sources */,
				EDF7ECF22B760A6200FB1B17 /* ListingItemView.swift in Sources */,
				EDF7ECF02B76086500FB1B17 /* ExploreView.swift in Sources */,
				EDF7ECF42B7613CC00FB1B17 /* SearchAndFilterBar.swift in Sources */,
				EDF7ECF62B7645A400FB1B17 /* ListingDetailView.swift in Sources */,
				EDF7ECD62B76071E00FB1B17 /* AirbnbCloneApp.swift in Sources */,
			);
			runOnlyForDeploymentPostprocessing = 0;
		};
/* End PBXSourcesBuildPhase section */

/* Begin XCBuildConfiguration section */
		EDF7ECDE2B76072000FB1B17 /* Debug */ = {
			isa = XCBuildConfiguration;
			buildSettings = {
				ALWAYS_SEARCH_USER_PATHS = NO;
				ASSETCATALOG_COMPILER_GENERATE_SWIFT_ASSET_SYMBOL_EXTENSIONS = YES;
				CLANG_ANALYZER_NONNULL = YES;
				CLANG_ANALYZER_NUMBER_OBJECT_CONVERSION = YES_AGGRESSIVE;
				CLANG_CXX_LANGUAGE_STANDARD = "gnu++20";
				CLANG_ENABLE_MODULES = YES;
				CLANG_ENABLE_OBJC_ARC = YES;
				CLANG_ENABLE_OBJC_WEAK = YES;
				CLANG_WARN_BLOCK_CAPTURE_AUTORELEASING = YES;
				CLANG_WARN_BOOL_CONVERSION = YES;
				CLANG_WARN_COMMA = YES;
				CLANG_WARN_CONSTANT_CONVERSION = YES;
				CLANG_WARN_DEPRECATED_OBJC_IMPLEMENTATIONS = YES;
				CLANG_WARN_DIRECT_OBJC_ISA_USAGE = YES_ERROR;
				CLANG_WARN_DOCUMENTATION_COMMENTS = YES;
				CLANG_WARN_EMPTY_BODY = YES;
				CLANG_WARN_ENUM_CONVERSION = YES;
				CLANG_WARN_INFINITE_RECURSION = YES;
				CLANG_WARN_INT_CONVERSION = YES;
				CLANG_WARN_NON_LITERAL_NULL_CONVERSION = YES;
				CLANG_WARN_OBJC_IMPLICIT_RETAIN_SELF = YES;
				CLANG_WARN_OBJC_LITERAL_CONVERSION = YES;
				CLANG_WARN_OBJC_ROOT_CLASS = YES_ERROR;
				CLANG_WARN_QUOTED_INCLUDE_IN_FRAMEWORK_HEADER = YES;
				CLANG_WARN_RANGE_LOOP_ANALYSIS = YES;
				CLANG_WARN_STRICT_PROTOTYPES = YES;
				CLANG_WARN_SUSPICIOUS_MOVE = YES;
				CLANG_WARN_UNGUARDED_AVAILABILITY = YES_AGGRESSIVE;
				CLANG_WARN_UNREACHABLE_CODE = YES;
				CLANG_WARN__DUPLICATE_METHOD_MATCH = YES;
				COPY_PHASE_STRIP = NO;
				DEBUG_INFORMATION_FORMAT = dwarf;
				ENABLE_STRICT_OBJC_MSGSEND = YES;
				ENABLE_TESTABILITY = YES;
				ENABLE_USER_SCRIPT_SANDBOXING = YES;
				GCC_C_LANGUAGE_STANDARD = gnu17;
				GCC_DYNAMIC_NO_PIC = NO;
				GCC_NO_COMMON_BLOCKS = YES;
				GCC_OPTIMIZATION_LEVEL = 0;
				GCC_PREPROCESSOR_DEFINITIONS = (
					"DEBUG=1",
					"$(inherited)",
				);
				GCC_WARN_64_TO_32_BIT_CONVERSION = YES;
				GCC_WARN_ABOUT_RETURN_TYPE = YES_ERROR;
				GCC_WARN_UNDECLARED_SELECTOR = YES;
				GCC_WARN_UNINITIALIZED_AUTOS = YES_AGGRESSIVE;
				GCC_WARN_UNUSED_FUNCTION = YES;
				GCC_WARN_UNUSED_VARIABLE = YES;
				IPHONEOS_DEPLOYMENT_TARGET = 17.0;
				LOCALIZATION_PREFERS_STRING_CATALOGS = YES;
				MTL_ENABLE_DEBUG_INFO = INCLUDE_SOURCE;
				MTL_FAST_MATH = YES;
				ONLY_ACTIVE_ARCH = YES;
				SDKROOT = iphoneos;
				SWIFT_ACTIVE_COMPILATION_CONDITIONS = "DEBUG $(inherited)";
				SWIFT_OPTIMIZATION_LEVEL = "-Onone";
			};
			name = Debug;
		};
		EDF7ECDF2B76072000FB1B17 /* Release */ = {
			isa = XCBuildConfiguration;
			buildSettings = {
				ALWAYS_SEARCH_USER_PATHS = NO;
				ASSETCATALOG_COMPILER_GENERATE_SWIFT_ASSET_SYMBOL_EXTENSIONS = YES;
				CLANG_ANALYZER_NONNULL = YES;
				CLANG_ANALYZER_NUMBER_OBJECT_CONVERSION = YES_AGGRESSIVE;
				CLANG_CXX_LANGUAGE_STANDARD = "gnu++20";
				CLANG_ENABLE_MODULES = YES;
				CLANG_ENABLE_OBJC_ARC = YES;
				CLANG_ENABLE_OBJC_WEAK = YES;
				CLANG_WARN_BLOCK_CAPTURE_AUTORELEASING = YES;
				CLANG_WARN_BOOL_CONVERSION = YES;
				CLANG_WARN_COMMA = YES;
				CLANG_WARN_CONSTANT_CONVERSION = YES;
				CLANG_WARN_DEPRECATED_OBJC_IMPLEMENTATIONS = YES;
				CLANG_WARN_DIRECT_OBJC_ISA_USAGE = YES_ERROR;
				CLANG_WARN_DOCUMENTATION_COMMENTS = YES;
				CLANG_WARN_EMPTY_BODY = YES;
				CLANG_WARN_ENUM_CONVERSION = YES;
				CLANG_WARN_INFINITE_RECURSION = YES;
				CLANG_WARN_INT_CONVERSION = YES;
				CLANG_WARN_NON_LITERAL_NULL_CONVERSION = YES;
				CLANG_WARN_OBJC_IMPLICIT_RETAIN_SELF = YES;
				CLANG_WARN_OBJC_LITERAL_CONVERSION = YES;
				CLANG_WARN_OBJC_ROOT_CLASS = YES_ERROR;
				CLANG_WARN_QUOTED_INCLUDE_IN_FRAMEWORK_HEADER = YES;
				CLANG_WARN_RANGE_LOOP_ANALYSIS = YES;
				CLANG_WARN_STRICT_PROTOTYPES = YES;
				CLANG_WARN_SUSPICIOUS_MOVE = YES;
				CLANG_WARN_UNGUARDED_AVAILABILITY = YES_AGGRESSIVE;
				CLANG_WARN_UNREACHABLE_CODE = YES;
				CLANG_WARN__DUPLICATE_METHOD_MATCH = YES;
				COPY_PHASE_STRIP = NO;
				DEBUG_INFORMATION_FORMAT = "dwarf-with-dsym";
				ENABLE_NS_ASSERTIONS = NO;
				ENABLE_STRICT_OBJC_MSGSEND = YES;
				ENABLE_USER_SCRIPT_SANDBOXING = YES;
				GCC_C_LANGUAGE_STANDARD = gnu17;
				GCC_NO_COMMON_BLOCKS = YES;
				GCC_WARN_64_TO_32_BIT_CONVERSION = YES;
				GCC_WARN_ABOUT_RETURN_TYPE = YES_ERROR;
				GCC_WARN_UNDECLARED_SELECTOR = YES;
				GCC_WARN_UNINITIALIZED_AUTOS = YES_AGGRESSIVE;
				GCC_WARN_UNUSED_FUNCTION = YES;
				GCC_WARN_UNUSED_VARIABLE = YES;
				IPHONEOS_DEPLOYMENT_TARGET = 17.0;
				LOCALIZATION_PREFERS_STRING_CATALOGS = YES;
				MTL_ENABLE_DEBUG_INFO = NO;
				MTL_FAST_MATH = YES;
				SDKROOT = iphoneos;
				SWIFT_COMPILATION_MODE = wholemodule;
				VALIDATE_PRODUCT = YES;
			};
			name = Release;
		};
		EDF7ECE12B76072000FB1B17 /* Debug */ = {
			isa = XCBuildConfiguration;
			buildSettings = {
				ASSETCATALOG_COMPILER_APPICON_NAME = AppIcon;
				ASSETCATALOG_COMPILER_GLOBAL_ACCENT_COLOR_NAME = AccentColor;
				CODE_SIGN_STYLE = Automatic;
				CURRENT_PROJECT_VERSION = 1;
				DEVELOPMENT_ASSET_PATHS = "\"AirbnbClone/Preview Content\"";
				ENABLE_PREVIEWS = YES;
				GENERATE_INFOPLIST_FILE = YES;
				INFOPLIST_KEY_UIApplicationSceneManifest_Generation = YES;
				INFOPLIST_KEY_UIApplicationSupportsIndirectInputEvents = YES;
				INFOPLIST_KEY_UILaunchScreen_Generation = YES;
				INFOPLIST_KEY_UISupportedInterfaceOrientations_iPad = "UIInterfaceOrientationPortrait UIInterfaceOrientationPortraitUpsideDown UIInterfaceOrientationLandscapeLeft UIInterfaceOrientationLandscapeRight";
				INFOPLIST_KEY_UISupportedInterfaceOrientations_iPhone = "UIInterfaceOrientationPortrait UIInterfaceOrientationLandscapeLeft UIInterfaceOrientationLandscapeRight";
				LD_RUNPATH_SEARCH_PATHS = (
					"$(inherited)",
					"@executable_path/Frameworks",
				);
				MARKETING_VERSION = 1.0;
				PRODUCT_BUNDLE_IDENTIFIER = com.iNamaN77.AirbnbClone;
				PRODUCT_NAME = "$(TARGET_NAME)";
				SWIFT_EMIT_LOC_STRINGS = YES;
				SWIFT_VERSION = 5.0;
				TARGETED_DEVICE_FAMILY = "1,2";
			};
			name = Debug;
		};
		EDF7ECE22B76072000FB1B17 /* Release */ = {
			isa = XCBuildConfiguration;
			buildSettings = {
				ASSETCATALOG_COMPILER_APPICON_NAME = AppIcon;
				ASSETCATALOG_COMPILER_GLOBAL_ACCENT_COLOR_NAME = AccentColor;
				CODE_SIGN_STYLE = Automatic;
				CURRENT_PROJECT_VERSION = 1;
				DEVELOPMENT_ASSET_PATHS = "\"AirbnbClone/Preview Content\"";
				ENABLE_PREVIEWS = YES;
				GENERATE_INFOPLIST_FILE = YES;
				INFOPLIST_KEY_UIApplicationSceneManifest_Generation = YES;
				INFOPLIST_KEY_UIApplicationSupportsIndirectInputEvents = YES;
				INFOPLIST_KEY_UILaunchScreen_Generation = YES;
				INFOPLIST_KEY_UISupportedInterfaceOrientations_iPad = "UIInterfaceOrientationPortrait UIInterfaceOrientationPortraitUpsideDown UIInterfaceOrientationLandscapeLeft UIInterfaceOrientationLandscapeRight";
				INFOPLIST_KEY_UISupportedInterfaceOrientations_iPhone = "UIInterfaceOrientationPortrait UIInterfaceOrientationLandscapeLeft UIInterfaceOrientationLandscapeRight";
				LD_RUNPATH_SEARCH_PATHS = (
					"$(inherited)",
					"@executable_path/Frameworks",
				);
				MARKETING_VERSION = 1.0;
				PRODUCT_BUNDLE_IDENTIFIER = com.iNamaN77.AirbnbClone;
				PRODUCT_NAME = "$(TARGET_NAME)";
				SWIFT_EMIT_LOC_STRINGS = YES;
				SWIFT_VERSION = 5.0;
				TARGETED_DEVICE_FAMILY = "1,2";
			};
			name = Release;
		};
/* End XCBuildConfiguration section */

/* Begin XCConfigurationList section */
		EDF7ECCD2B76071E00FB1B17 /* Build configuration list for PBXProject "AirbnbClone" */ = {
			isa = XCConfigurationList;
			buildConfigurations = (
				EDF7ECDE2B76072000FB1B17 /* Debug */,
				EDF7ECDF2B76072000FB1B17 /* Release */,
			);
			defaultConfigurationIsVisible = 0;
			defaultConfigurationName = Release;
		};
		EDF7ECE02B76072000FB1B17 /* Build configuration list for PBXNativeTarget "AirbnbClone" */ = {
			isa = XCConfigurationList;
			buildConfigurations = (
				EDF7ECE12B76072000FB1B17 /* Debug */,
				EDF7ECE22B76072000FB1B17 /* Release */,
			);
			defaultConfigurationIsVisible = 0;
			defaultConfigurationName = Release;
		};
/* End XCConfigurationList section */
	};
	rootObject = EDF7ECCA2B76071E00FB1B17 /* Project object */;
}
